
Microsoft Visual Studio Solution File, Format Version 12.00
# Visual Studio Version 16
VisualStudioVersion = 16.0.29418.71
MinimumVisualStudioVersion = 10.0.40219.1
Project("{FAE04EC0-301F-11D3-BF4B-00C04F79EFBC}") = "VsixUtil", "Src\VsixUtil.csproj", "{CE607DC9-06EA-454A-8B7E-34F5EE21CA3D}"
EndProject
Project("{2150E333-8FDC-42A3-9474-1A3956D46DE8}") = "Solution Items", "Solution Items", "{531E17B4-4D66-472B-8B3F-A0087A534FC2}"
	ProjectSection(SolutionItems) = preProject
		README.md = README.md
	EndProjectSection
EndProject
Project("{FAE04EC0-301F-11D3-BF4B-00C04F79EFBC}") = "VsixUtil.Tests", "Test\VsixUtil.Tests\VsixUtil.Tests.csproj", "{56232A22-C207-49CC-B7F7-BF0DA7D047A3}"
EndProject
Global
	GlobalSection(SolutionConfigurationPlatforms) = preSolution
		Debug|Any CPU = Debug|Any CPU
		Debug|x86 = Debug|x86
		Release|Any CPU = Release|Any CPU
		Release|x86 = Release|x86
	EndGlobalSection
	GlobalSection(ProjectConfigurationPlatforms) = postSolution
		{CE607DC9-06EA-454A-8B7E-34F5EE21CA3D}.Debug|Any CPU.ActiveCfg = Debug|Any CPU
		{CE607DC9-06EA-454A-8B7E-34F5EE21CA3D}.Debug|Any CPU.Build.0 = Debug|Any CPU
		{CE607DC9-06EA-454A-8B7E-34F5EE21CA3D}.Debug|x86.ActiveCfg = Debug|Any CPU
		{CE607DC9-06EA-454A-8B7E-34F5EE21CA3D}.Debug|x86.Build.0 = Debug|Any CPU
		{CE607DC9-06EA-454A-8B7E-34F5EE21CA3D}.Release|Any CPU.ActiveCfg = Release|Any CPU
		{CE607DC9-06EA-454A-8B7E-34F5EE21CA3D}.Release|Any CPU.Build.0 = Release|Any CPU
		{CE607DC9-06EA-454A-8B7E-34F5EE21CA3D}.Release|x86.ActiveCfg = Release|Any CPU
		{CE607DC9-06EA-454A-8B7E-34F5EE21CA3D}.Release|x86.Build.0 = Release|Any CPU
		{56232A22-C207-49CC-B7F7-BF0DA7D047A3}.Debug|Any CPU.ActiveCfg = Debug|Any CPU
		{56232A22-C207-49CC-B7F7-BF0DA7D047A3}.Debug|Any CPU.Build.0 = Debug|Any CPU
		{56232A22-C207-49CC-B7F7-BF0DA7D047A3}.Debug|x86.ActiveCfg = Debug|Any CPU
		{56232A22-C207-49CC-B7F7-BF0DA7D047A3}.Debug|x86.Build.0 = Debug|Any CPU
		{56232A22-C207-49CC-B7F7-BF0DA7D047A3}.Release|Any CPU.ActiveCfg = Release|Any CPU
		{56232A22-C207-49CC-B7F7-BF0DA7D047A3}.Release|Any CPU.Build.0 = Release|Any CPU
		{56232A22-C207-49CC-B7F7-BF0DA7D047A3}.Release|x86.ActiveCfg = Release|Any CPU
		{56232A22-C207-49CC-B7F7-BF0DA7D047A3}.Release|x86.Build.0 = Release|Any CPU
	EndGlobalSection
	GlobalSection(SolutionProperties) = preSolution
		HideSolutionNode = FALSE
	EndGlobalSection
	GlobalSection(ExtensibilityGlobals) = postSolution
		SolutionGuid = {A2A92603-4679-4A2E-B6B1-62CB4799A2DC}
	EndGlobalSection
EndGlobal
